// !$*UTF8*$!
{
	archiveVersion = 1;
	classes = {
	};
	objectVersion = 46;
	objects = {

/* Begin PBXBuildFile section */
		1D5DCE611C72FC3000AFBA7A /* AppDelegate.swift in Sources */ = {isa = PBXBuildFile; fileRef = 1D5DCE601C72FC3000AFBA7A /* AppDelegate.swift */; };
		1D5DCE681C72FC3000AFBA7A /* Assets.xcassets in Resources */ = {isa = PBXBuildFile; fileRef = 1D5DCE671C72FC3000AFBA7A /* Assets.xcassets */; };
		1D5DCE6B1C72FC3000AFBA7A /* LaunchScreen.storyboard in Resources */ = {isa = PBXBuildFile; fileRef = 1D5DCE691C72FC3000AFBA7A /* LaunchScreen.storyboard */; };
		1D5DCE751C72FC8800AFBA7A /* clothes.plist in Resources */ = {isa = PBXBuildFile; fileRef = 1D5DCE741C72FC8800AFBA7A /* clothes.plist */; };
		1D7EC1AE1C744D9400696267 /* ViewController.swift in Sources */ = {isa = PBXBuildFile; fileRef = 1D7EC1AD1C744D9400696267 /* ViewController.swift */; };
		1D7EC1B01C744DA000696267 /* DetailViewController.swift in Sources */ = {isa = PBXBuildFile; fileRef = 1D7EC1AF1C744DA000696267 /* DetailViewController.swift */; };
		1D7EC1B21C744DAF00696267 /* AddClothingViewController.swift in Sources */ = {isa = PBXBuildFile; fileRef = 1D7EC1B11C744DAF00696267 /* AddClothingViewController.swift */; };
		1D7EC1B41C744DB900696267 /* ClothingTypeInfoTableViewController.swift in Sources */ = {isa = PBXBuildFile; fileRef = 1D7EC1B31C744DB900696267 /* ClothingTypeInfoTableViewController.swift */; };
		1D7EC1B61C744DC400696267 /* Clothes.swift in Sources */ = {isa = PBXBuildFile; fileRef = 1D7EC1B51C744DC400696267 /* Clothes.swift */; };
		1D7EC1B81C744DD200696267 /* Main.storyboard in Resources */ = {isa = PBXBuildFile; fileRef = 1D7EC1B71C744DD200696267 /* Main.storyboard */; };
		1D7EC1BA1C744DDA00696267 /* continents.plist in Resources */ = {isa = PBXBuildFile; fileRef = 1D7EC1B91C744DDA00696267 /* continents.plist */; };
/* End PBXBuildFile section */

/* Begin PBXFileReference section */
		1D5DCE5D1C72FC3000AFBA7A /* Lab3.app */ = {isa = PBXFileReference; explicitFileType = wrapper.application; includeInIndex = 0; path = Lab3.app; sourceTree = BUILT_PRODUCTS_DIR; };
		1D5DCE601C72FC3000AFBA7A /* AppDelegate.swift */ = {isa = PBXFileReference; lastKnownFileType = sourcecode.swift; path = AppDelegate.swift; sourceTree = "<group>"; };
		1D5DCE671C72FC3000AFBA7A /* Assets.xcassets */ = {isa = PBXFileReference; lastKnownFileType = folder.assetcatalog; path = Assets.xcassets; sourceTree = "<group>"; };
		1D5DCE6A1C72FC3000AFBA7A /* Base */ = {isa = PBXFileReference; lastKnownFileType = file.storyboard; name = Base; path = Base.lproj/LaunchScreen.storyboard; sourceTree = "<group>"; };
		1D5DCE6C1C72FC3000AFBA7A /* Info.plist */ = {isa = PBXFileReference; lastKnownFileType = text.plist.xml; path = Info.plist; sourceTree = "<group>"; };
		1D5DCE741C72FC8800AFBA7A /* clothes.plist */ = {isa = PBXFileReference; fileEncoding = 4; lastKnownFileType = text.plist.xml; path = clothes.plist; sourceTree = "<group>"; };
		1D7EC1AD1C744D9400696267 /* ViewController.swift */ = {isa = PBXFileReference; fileEncoding = 4; lastKnownFileType = sourcecode.swift; path = ViewController.swift; sourceTree = "<group>"; };
		1D7EC1AF1C744DA000696267 /* DetailViewController.swift */ = {isa = PBXFileReference; fileEncoding = 4; lastKnownFileType = sourcecode.swift; path = DetailViewController.swift; sourceTree = "<group>"; };
		1D7EC1B11C744DAF00696267 /* AddClothingViewController.swift */ = {isa = PBXFileReference; fileEncoding = 4; lastKnownFileType = sourcecode.swift; path = AddClothingViewController.swift; sourceTree = "<group>"; };
		1D7EC1B31C744DB900696267 /* ClothingTypeInfoTableViewController.swift */ = {isa = PBXFileReference; fileEncoding = 4; lastKnownFileType = sourcecode.swift; path = ClothingTypeInfoTableViewController.swift; sourceTree = "<group>"; };
		1D7EC1B51C744DC400696267 /* Clothes.swift */ = {isa = PBXFileReference; fileEncoding = 4; lastKnownFileType = sourcecode.swift; path = Clothes.swift; sourceTree = "<group>"; };
		1D7EC1B71C744DD200696267 /* Main.storyboard */ = {isa = PBXFileReference; fileEncoding = 4; lastKnownFileType = file.storyboard; path = Main.storyboard; sourceTree = "<group>"; };
		1D7EC1B91C744DDA00696267 /* continents.plist */ = {isa = PBXFileReference; fileEncoding = 4; lastKnownFileType = text.plist.xml; path = continents.plist; sourceTree = "<group>"; };
/* End PBXFileReference section */

/* Begin PBXFrameworksBuildPhase section */
		1D5DCE5A1C72FC3000AFBA7A /* Frameworks */ = {
			isa = PBXFrameworksBuildPhase;
			buildActionMask = 2147483647;
			files = (
			);
			runOnlyForDeploymentPostprocessing = 0;
		};
/* End PBXFrameworksBuildPhase section */

/* Begin PBXGroup section */
		1D5DCE541C72FC3000AFBA7A = {
			isa = PBXGroup;
			children = (
				1D5DCE5F1C72FC3000AFBA7A /* Lab3 */,
				1D5DCE5E1C72FC3000AFBA7A /* Products */,
			);
			sourceTree = "<group>";
		};
		1D5DCE5E1C72FC3000AFBA7A /* Products */ = {
			isa = PBXGroup;
			children = (
				1D5DCE5D1C72FC3000AFBA7A /* Lab3.app */,
			);
			name = Products;
			sourceTree = "<group>";
		};
		1D5DCE5F1C72FC3000AFBA7A /* Lab3 */ = {
			isa = PBXGroup;
			children = (
				1D5DCE601C72FC3000AFBA7A /* AppDelegate.swift */,
				1D7EC1AD1C744D9400696267 /* ViewController.swift */,
				1D7EC1AF1C744DA000696267 /* DetailViewController.swift */,
				1D7EC1B11C744DAF00696267 /* AddClothingViewController.swift */,
				1D7EC1B31C744DB900696267 /* ClothingTypeInfoTableViewController.swift */,
				1D7EC1B51C744DC400696267 /* Clothes.swift */,
				1D7EC1B71C744DD200696267 /* Main.storyboard */,
				1D5DCE671C72FC3000AFBA7A /* Assets.xcassets */,
				1D5DCE691C72FC3000AFBA7A /* LaunchScreen.storyboard */,
				1D7EC1B91C744DDA00696267 /* continents.plist */,
				1D5DCE741C72FC8800AFBA7A /* clothes.plist */,
				1D5DCE6C1C72FC3000AFBA7A /* Info.plist */,
			);
			path = Lab3;
			sourceTree = "<group>";
		};
/* End PBXGroup section */

/* Begin PBXNativeTarget section */
		1D5DCE5C1C72FC3000AFBA7A /* Lab3 */ = {
			isa = PBXNativeTarget;
			buildConfigurationList = 1D5DCE6F1C72FC3000AFBA7A /* Build configuration list for PBXNativeTarget "Lab3" */;
			buildPhases = (
				1D5DCE591C72FC3000AFBA7A /* Sources */,
				1D5DCE5A1C72FC3000AFBA7A /* Frameworks */,
				1D5DCE5B1C72FC3000AFBA7A /* Resources */,
			);
			buildRules = (
			);
			dependencies = (
			);
			name = Lab3;
			productName = Lab3;
			productReference = 1D5DCE5D1C72FC3000AFBA7A /* Lab3.app */;
			productType = "com.apple.product-type.application";
		};
/* End PBXNativeTarget section */

/* Begin PBXProject section */
		1D5DCE551C72FC3000AFBA7A /* Project object */ = {
			isa = PBXProject;
			attributes = {
				LastSwiftUpdateCheck = 0720;
				LastUpgradeCheck = 0720;
				ORGANIZATIONNAME = "Parth Mishra";
				TargetAttributes = {
					1D5DCE5C1C72FC3000AFBA7A = {
						CreatedOnToolsVersion = 7.2.1;
					};
				};
			};
			buildConfigurationList = 1D5DCE581C72FC3000AFBA7A /* Build configuration list for PBXProject "Lab3" */;
			compatibilityVersion = "Xcode 3.2";
			developmentRegion = English;
			hasScannedForEncodings = 0;
			knownRegions = (
				en,
				Base,
			);
			mainGroup = 1D5DCE541C72FC3000AFBA7A;
			productRefGroup = 1D5DCE5E1C72FC3000AFBA7A /* Products */;
			projectDirPath = "";
			projectRoot = "";
			targets = (
				1D5DCE5C1C72FC3000AFBA7A /* Lab3 */,
			);
		};
/* End PBXProject section */

/* Begin PBXResourcesBuildPhase section */
		1D5DCE5B1C72FC3000AFBA7A /* Resources */ = {
			isa = PBXResourcesBuildPhase;
			buildActionMask = 2147483647;
			files = (
				1D5DCE6B1C72FC3000AFBA7A /* LaunchScreen.storyboard in Resources */,
				1D7EC1BA1C744DDA00696267 /* continents.plist in Resources */,
				1D5DCE751C72FC8800AFBA7A /* clothes.plist in Resources */,
				1D5DCE681C72FC3000AFBA7A /* Assets.xcassets in Resources */,
				1D7EC1B81C744DD200696267 /* Main.storyboard in Resources */,
			);
			runOnlyForDeploymentPostprocessing = 0;
		};
/* End PBXResourcesBuildPhase section */

/* Begin PBXSourcesBuildPhase section */
		1D5DCE591C72FC3000AFBA7A /* Sources */ = {
			isa = PBXSourcesBuildPhase;
			buildActionMask = 2147483647;
			files = (
				1D7EC1B61C744DC400696267 /* Clothes.swift in Sources */,
				1D7EC1AE1C744D9400696267 /* ViewController.swift in Sources */,
				1D7EC1B41C744DB900696267 /* ClothingTypeInfoTableViewController.swift in Sources */,
				1D5DCE611C72FC3000AFBA7A /* AppDelegate.swift in Sources */,
				1D7EC1B01C744DA000696267 /* DetailViewController.swift in Sources */,
				1D7EC1B21C744DAF00696267 /* AddClothingViewController.swift in Sources */,
			);
			runOnlyForDeploymentPostprocessing = 0;
		};
/* End PBXSourcesBuildPhase section */

/* Begin PBXVariantGroup section */
		1D5DCE691C72FC3000AFBA7A /* LaunchScreen.storyboard */ = {
			isa = PBXVariantGroup;
			children = (
				1D5DCE6A1C72FC3000AFBA7A /* Base */,
			);
			name = LaunchScreen.storyboard;
			sourceTree = "<group>";
		};
/* End PBXVariantGroup section */

/* Begin XCBuildConfiguration section */
		1D5DCE6D1C72FC3000AFBA7A /* Debug */ = {
			isa = XCBuildConfiguration;
			buildSettings = {
				ALWAYS_SEARCH_USER_PATHS = NO;
				CLANG_CXX_LANGUAGE_STANDARD = "gnu++0x";
				CLANG_CXX_LIBRARY = "libc++";
				CLANG_ENABLE_MODULES = YES;
				CLANG_ENABLE_OBJC_ARC = YES;
				CLANG_WARN_BOOL_CONVERSION = YES;
				CLANG_WARN_CONSTANT_CONVERSION = YES;
				CLANG_WARN_DIRECT_OBJC_ISA_USAGE = YES_ERROR;
				CLANG_WARN_EMPTY_BODY = YES;
				CLANG_WARN_ENUM_CONVERSION = YES;
				CLANG_WARN_INT_CONVERSION = YES;
				CLANG_WARN_OBJC_ROOT_CLASS = YES_ERROR;
				CLANG_WARN_UNREACHABLE_CODE = YES;
				CLANG_WARN__DUPLICATE_METHOD_MATCH = YES;
				"CODE_SIGN_IDENTITY[sdk=iphoneos*]" = "iPhone Developer";
				COPY_PHASE_STRIP = NO;
				DEBUG_INFORMATION_FORMAT = dwarf;
				ENABLE_STRICT_OBJC_MSGSEND = YES;
				ENABLE_TESTABILITY = YES;
				GCC_C_LANGUAGE_STANDARD = gnu99;
				GCC_DYNAMIC_NO_PIC = NO;
				GCC_NO_COMMON_BLOCKS = YES;
				GCC_OPTIMIZATION_LEVEL = 0;
				GCC_PREPROCESSOR_DEFINITIONS = (
					"DEBUG=1",
					"$(inherited)",
				);
				GCC_WARN_64_TO_32_BIT_CONVERSION = YES;
				GCC_WARN_ABOUT_RETURN_TYPE = YES_ERROR;
				GCC_WARN_UNDECLARED_SELECTOR = YES;
				GCC_WARN_UNINITIALIZED_AUTOS = YES_AGGRESSIVE;
				GCC_WARN_UNUSED_FUNCTION = YES;
				GCC_WARN_UNUSED_VARIABLE = YES;
				IPHONEOS_DEPLOYMENT_TARGET = 9.2;
				MTL_ENABLE_DEBUG_INFO = YES;
				ONLY_ACTIVE_ARCH = YES;
				SDKROOT = iphoneos;
				SWIFT_OPTIMIZATION_LEVEL = "-Onone";
			};
			name = Debug;
		};
		1D5DCE6E1C72FC3000AFBA7A /* Release */ = {
			isa = XCBuildConfiguration;
			buildSettings = {
				ALWAYS_SEARCH_USER_PATHS = NO;
				CLANG_CXX_LANGUAGE_STANDARD = "gnu++0x";
				CLANG_CXX_LIBRARY = "libc++";
				CLANG_ENABLE_MODULES = YES;
				CLANG_ENABLE_OBJC_ARC = YES;
				CLANG_WARN_BOOL_CONVERSION = YES;
				CLANG_WARN_CONSTANT_CONVERSION = YES;
				CLANG_WARN_DIRECT_OBJC_ISA_USAGE = YES_ERROR;
				CLANG_WARN_EMPTY_BODY = YES;
				CLANG_WARN_ENUM_CONVERSION = YES;
				CLANG_WARN_INT_CONVERSION = YES;
				CLANG_WARN_OBJC_ROOT_CLASS = YES_ERROR;
				CLANG_WARN_UNREACHABLE_CODE = YES;
				CLANG_WARN__DUPLICATE_METHOD_MATCH = YES;
				"CODE_SIGN_IDENTITY[sdk=iphoneos*]" = "iPhone Developer";
				COPY_PHASE_STRIP = NO;
				DEBUG_INFORMATION_FORMAT = "dwarf-with-dsym";
				ENABLE_NS_ASSERTIONS = NO;
				ENABLE_STRICT_OBJC_MSGSEND = YES;
				GCC_C_LANGUAGE_STANDARD = gnu99;
				GCC_NO_COMMON_BLOCKS = YES;
				GCC_WARN_64_TO_32_BIT_CONVERSION = YES;
				GCC_WARN_ABOUT_RETURN_TYPE = YES_ERROR;
				GCC_WARN_UNDECLARED_SELECTOR = YES;
				GCC_WARN_UNINITIALIZED_AUTOS = YES_AGGRESSIVE;
				GCC_WARN_UNUSED_FUNCTION = YES;
				GCC_WARN_UNUSED_VARIABLE = YES;
				IPHONEOS_DEPLOYMENT_TARGET = 9.2;
				MTL_ENABLE_DEBUG_INFO = NO;
				SDKROOT = iphoneos;
				VALIDATE_PRODUCT = YES;
			};
			name = Release;
		};
		1D5DCE701C72FC3000AFBA7A /* Debug */ = {
			isa = XCBuildConfiguration;
			buildSettings = {
				ASSETCATALOG_COMPILER_APPICON_NAME = AppIcon;
				INFOPLIST_FILE = Lab3/Info.plist;
				LD_RUNPATH_SEARCH_PATHS = "$(inherited) @executable_path/Frameworks";
				PRODUCT_BUNDLE_IDENTIFIER = parthmishra.Lab3;
				PRODUCT_NAME = "$(TARGET_NAME)";
			};
			name = Debug;
		};
		1D5DCE711C72FC3000AFBA7A /* Release */ = {
			isa = XCBuildConfiguration;
			buildSettings = {
				ASSETCATALOG_COMPILER_APPICON_NAME = AppIcon;
				INFOPLIST_FILE = Lab3/Info.plist;
				LD_RUNPATH_SEARCH_PATHS = "$(inherited) @executable_path/Frameworks";
				PRODUCT_BUNDLE_IDENTIFIER = parthmishra.Lab3;
				PRODUCT_NAME = "$(TARGET_NAME)";
			};
			name = Release;
		};
/* End XCBuildConfiguration section */

/* Begin XCConfigurationList section */
		1D5DCE581C72FC3000AFBA7A /* Build configuration list for PBXProject "Lab3" */ = {
			isa = XCConfigurationList;
			buildConfigurations = (
				1D5DCE6D1C72FC3000AFBA7A /* Debug */,
				1D5DCE6E1C72FC3000AFBA7A /* Release */,
			);
			defaultConfigurationIsVisible = 0;
			defaultConfigurationName = Release;
		};
		1D5DCE6F1C72FC3000AFBA7A /* Build configuration list for PBXNativeTarget "Lab3" */ = {
			isa = XCConfigurationList;
			buildConfigurations = (
				1D5DCE701C72FC3000AFBA7A /* Debug */,
				1D5DCE711C72FC3000AFBA7A /* Release */,
			);
			defaultConfigurationIsVisible = 0;
			defaultConfigurationName = Release;
		};
/* End XCConfigurationList section */
	};
	rootObject = 1D5DCE551C72FC3000AFBA7A /* Project object */;
}
