// !$*UTF8*$!
{
	archiveVersion = 1;
	classes = {
	};
	objectVersion = 46;
	objects = {

/* Begin PBXBuildFile section */
		1D4B9D8A1CB6ADB600A44048 /* AppDelegate.swift in Sources */ = {isa = PBXBuildFile; fileRef = 1D4B9D891CB6ADB600A44048 /* AppDelegate.swift */; };
		1D4B9D911CB6ADB600A44048 /* Assets.xcassets in Resources */ = {isa = PBXBuildFile; fileRef = 1D4B9D901CB6ADB600A44048 /* Assets.xcassets */; };
		1D4B9D941CB6ADB600A44048 /* LaunchScreen.storyboard in Resources */ = {isa = PBXBuildFile; fileRef = 1D4B9D921CB6ADB600A44048 /* LaunchScreen.storyboard */; };
		1D4B9D9C1CB6ADFB00A44048 /* Main.storyboard in Resources */ = {isa = PBXBuildFile; fileRef = 1D4B9D9B1CB6ADFB00A44048 /* Main.storyboard */; };
		1D78B39B1CB6B02100E3EA51 /* ClosetCollectionViewController.swift in Sources */ = {isa = PBXBuildFile; fileRef = 1D78B39A1CB6B02100E3EA51 /* ClosetCollectionViewController.swift */; };
		1D78B39D1CB6B0CC00E3EA51 /* AddClothingItemViewController.swift in Sources */ = {isa = PBXBuildFile; fileRef = 1D78B39C1CB6B0CC00E3EA51 /* AddClothingItemViewController.swift */; };
		1DED9E8A1CBF4B0700C190A8 /* ClosetViewCellController.swift in Sources */ = {isa = PBXBuildFile; fileRef = 1DED9E891CBF4B0700C190A8 /* ClosetViewCellController.swift */; };
/* End PBXBuildFile section */

/* Begin PBXFileReference section */
		1D4B9D861CB6ADB600A44048 /* Project2.app */ = {isa = PBXFileReference; explicitFileType = wrapper.application; includeInIndex = 0; path = Project2.app; sourceTree = BUILT_PRODUCTS_DIR; };
		1D4B9D891CB6ADB600A44048 /* AppDelegate.swift */ = {isa = PBXFileReference; lastKnownFileType = sourcecode.swift; path = AppDelegate.swift; sourceTree = "<group>"; };
		1D4B9D901CB6ADB600A44048 /* Assets.xcassets */ = {isa = PBXFileReference; lastKnownFileType = folder.assetcatalog; path = Assets.xcassets; sourceTree = "<group>"; };
		1D4B9D931CB6ADB600A44048 /* Base */ = {isa = PBXFileReference; lastKnownFileType = file.storyboard; name = Base; path = Base.lproj/LaunchScreen.storyboard; sourceTree = "<group>"; };
		1D4B9D951CB6ADB600A44048 /* Info.plist */ = {isa = PBXFileReference; lastKnownFileType = text.plist.xml; path = Info.plist; sourceTree = "<group>"; };
		1D4B9D9B1CB6ADFB00A44048 /* Main.storyboard */ = {isa = PBXFileReference; fileEncoding = 4; lastKnownFileType = file.storyboard; path = Main.storyboard; sourceTree = "<group>"; };
		1D78B39A1CB6B02100E3EA51 /* ClosetCollectionViewController.swift */ = {isa = PBXFileReference; fileEncoding = 4; lastKnownFileType = sourcecode.swift; path = ClosetCollectionViewController.swift; sourceTree = "<group>"; };
		1D78B39C1CB6B0CC00E3EA51 /* AddClothingItemViewController.swift */ = {isa = PBXFileReference; fileEncoding = 4; lastKnownFileType = sourcecode.swift; path = AddClothingItemViewController.swift; sourceTree = "<group>"; };
		1DED9E891CBF4B0700C190A8 /* ClosetViewCellController.swift */ = {isa = PBXFileReference; fileEncoding = 4; lastKnownFileType = sourcecode.swift; path = ClosetViewCellController.swift; sourceTree = "<group>"; };
/* End PBXFileReference section */

/* Begin PBXFrameworksBuildPhase section */
		1D4B9D831CB6ADB600A44048 /* Frameworks */ = {
			isa = PBXFrameworksBuildPhase;
			buildActionMask = 2147483647;
			files = (
			);
			runOnlyForDeploymentPostprocessing = 0;
		};
/* End PBXFrameworksBuildPhase section */

/* Begin PBXGroup section */
		1D4B9D7D1CB6ADB600A44048 = {
			isa = PBXGroup;
			children = (
				1D4B9D881CB6ADB600A44048 /* Project2 */,
				1D4B9D871CB6ADB600A44048 /* Products */,
			);
			sourceTree = "<group>";
		};
		1D4B9D871CB6ADB600A44048 /* Products */ = {
			isa = PBXGroup;
			children = (
				1D4B9D861CB6ADB600A44048 /* Project2.app */,
			);
			name = Products;
			sourceTree = "<group>";
		};
		1D4B9D881CB6ADB600A44048 /* Project2 */ = {
			isa = PBXGroup;
			children = (
				1D4B9D891CB6ADB600A44048 /* AppDelegate.swift */,
				1D4B9D9B1CB6ADFB00A44048 /* Main.storyboard */,
				1D78B39A1CB6B02100E3EA51 /* ClosetCollectionViewController.swift */,
				1DED9E891CBF4B0700C190A8 /* ClosetViewCellController.swift */,
				1D78B39C1CB6B0CC00E3EA51 /* AddClothingItemViewController.swift */,
				1D4B9D901CB6ADB600A44048 /* Assets.xcassets */,
				1D4B9D921CB6ADB600A44048 /* LaunchScreen.storyboard */,
				1D4B9D951CB6ADB600A44048 /* Info.plist */,
			);
			path = Project2;
			sourceTree = "<group>";
		};
/* End PBXGroup section */

/* Begin PBXNativeTarget section */
		1D4B9D851CB6ADB600A44048 /* Project2 */ = {
			isa = PBXNativeTarget;
			buildConfigurationList = 1D4B9D981CB6ADB600A44048 /* Build configuration list for PBXNativeTarget "Project2" */;
			buildPhases = (
				1D4B9D821CB6ADB600A44048 /* Sources */,
				1D4B9D831CB6ADB600A44048 /* Frameworks */,
				1D4B9D841CB6ADB600A44048 /* Resources */,
			);
			buildRules = (
			);
			dependencies = (
			);
			name = Project2;
			productName = Project2;
			productReference = 1D4B9D861CB6ADB600A44048 /* Project2.app */;
			productType = "com.apple.product-type.application";
		};
/* End PBXNativeTarget section */

/* Begin PBXProject section */
		1D4B9D7E1CB6ADB600A44048 /* Project object */ = {
			isa = PBXProject;
			attributes = {
				LastSwiftUpdateCheck = 0730;
				LastUpgradeCheck = 0730;
				ORGANIZATIONNAME = "Parth Mishra";
				TargetAttributes = {
					1D4B9D851CB6ADB600A44048 = {
						CreatedOnToolsVersion = 7.3;
						DevelopmentTeam = 6DNY6BQ6NZ;
					};
				};
			};
			buildConfigurationList = 1D4B9D811CB6ADB600A44048 /* Build configuration list for PBXProject "Project2" */;
			compatibilityVersion = "Xcode 3.2";
			developmentRegion = English;
			hasScannedForEncodings = 0;
			knownRegions = (
				en,
				Base,
			);
			mainGroup = 1D4B9D7D1CB6ADB600A44048;
			productRefGroup = 1D4B9D871CB6ADB600A44048 /* Products */;
			projectDirPath = "";
			projectRoot = "";
			targets = (
				1D4B9D851CB6ADB600A44048 /* Project2 */,
			);
		};
/* End PBXProject section */

/* Begin PBXResourcesBuildPhase section */
		1D4B9D841CB6ADB600A44048 /* Resources */ = {
			isa = PBXResourcesBuildPhase;
			buildActionMask = 2147483647;
			files = (
				1D4B9D9C1CB6ADFB00A44048 /* Main.storyboard in Resources */,
				1D4B9D941CB6ADB600A44048 /* LaunchScreen.storyboard in Resources */,
				1D4B9D911CB6ADB600A44048 /* Assets.xcassets in Resources */,
			);
			runOnlyForDeploymentPostprocessing = 0;
		};
/* End PBXResourcesBuildPhase section */

/* Begin PBXSourcesBuildPhase section */
		1D4B9D821CB6ADB600A44048 /* Sources */ = {
			isa = PBXSourcesBuildPhase;
			buildActionMask = 2147483647;
			files = (
				1D78B39D1CB6B0CC00E3EA51 /* AddClothingItemViewController.swift in Sources */,
				1D78B39B1CB6B02100E3EA51 /* ClosetCollectionViewController.swift in Sources */,
				1DED9E8A1CBF4B0700C190A8 /* ClosetViewCellController.swift in Sources */,
				1D4B9D8A1CB6ADB600A44048 /* AppDelegate.swift in Sources */,
			);
			runOnlyForDeploymentPostprocessing = 0;
		};
/* End PBXSourcesBuildPhase section */

/* Begin PBXVariantGroup section */
		1D4B9D921CB6ADB600A44048 /* LaunchScreen.storyboard */ = {
			isa = PBXVariantGroup;
			children = (
				1D4B9D931CB6ADB600A44048 /* Base */,
			);
			name = LaunchScreen.storyboard;
			sourceTree = "<group>";
		};
/* End PBXVariantGroup section */

/* Begin XCBuildConfiguration section */
		1D4B9D961CB6ADB600A44048 /* Debug */ = {
			isa = XCBuildConfiguration;
			buildSettings = {
				ALWAYS_SEARCH_USER_PATHS = NO;
				CLANG_ANALYZER_NONNULL = YES;
				CLANG_CXX_LANGUAGE_STANDARD = "gnu++0x";
				CLANG_CXX_LIBRARY = "libc++";
				CLANG_ENABLE_MODULES = YES;
				CLANG_ENABLE_OBJC_ARC = YES;
				CLANG_WARN_BOOL_CONVERSION = YES;
				CLANG_WARN_CONSTANT_CONVERSION = YES;
				CLANG_WARN_DIRECT_OBJC_ISA_USAGE = YES_ERROR;
				CLANG_WARN_EMPTY_BODY = YES;
				CLANG_WARN_ENUM_CONVERSION = YES;
				CLANG_WARN_INT_CONVERSION = YES;
				CLANG_WARN_OBJC_ROOT_CLASS = YES_ERROR;
				CLANG_WARN_UNREACHABLE_CODE = YES;
				CLANG_WARN__DUPLICATE_METHOD_MATCH = YES;
				"CODE_SIGN_IDENTITY[sdk=iphoneos*]" = "iPhone Developer";
				COPY_PHASE_STRIP = NO;
				DEBUG_INFORMATION_FORMAT = dwarf;
				ENABLE_STRICT_OBJC_MSGSEND = YES;
				ENABLE_TESTABILITY = YES;
				GCC_C_LANGUAGE_STANDARD = gnu99;
				GCC_DYNAMIC_NO_PIC = NO;
				GCC_NO_COMMON_BLOCKS = YES;
				GCC_OPTIMIZATION_LEVEL = 0;
				GCC_PREPROCESSOR_DEFINITIONS = (
					"DEBUG=1",
					"$(inherited)",
				);
				GCC_WARN_64_TO_32_BIT_CONVERSION = YES;
				GCC_WARN_ABOUT_RETURN_TYPE = YES_ERROR;
				GCC_WARN_UNDECLARED_SELECTOR = YES;
				GCC_WARN_UNINITIALIZED_AUTOS = YES_AGGRESSIVE;
				GCC_WARN_UNUSED_FUNCTION = YES;
				GCC_WARN_UNUSED_VARIABLE = YES;
				IPHONEOS_DEPLOYMENT_TARGET = 9.3;
				MTL_ENABLE_DEBUG_INFO = YES;
				ONLY_ACTIVE_ARCH = YES;
				SDKROOT = iphoneos;
				SWIFT_OPTIMIZATION_LEVEL = "-Onone";
			};
			name = Debug;
		};
		1D4B9D971CB6ADB600A44048 /* Release */ = {
			isa = XCBuildConfiguration;
			buildSettings = {
				ALWAYS_SEARCH_USER_PATHS = NO;
				CLANG_ANALYZER_NONNULL = YES;
				CLANG_CXX_LANGUAGE_STANDARD = "gnu++0x";
				CLANG_CXX_LIBRARY = "libc++";
				CLANG_ENABLE_MODULES = YES;
				CLANG_ENABLE_OBJC_ARC = YES;
				CLANG_WARN_BOOL_CONVERSION = YES;
				CLANG_WARN_CONSTANT_CONVERSION = YES;
				CLANG_WARN_DIRECT_OBJC_ISA_USAGE = YES_ERROR;
				CLANG_WARN_EMPTY_BODY = YES;
				CLANG_WARN_ENUM_CONVERSION = YES;
				CLANG_WARN_INT_CONVERSION = YES;
				CLANG_WARN_OBJC_ROOT_CLASS = YES_ERROR;
				CLANG_WARN_UNREACHABLE_CODE = YES;
				CLANG_WARN__DUPLICATE_METHOD_MATCH = YES;
				"CODE_SIGN_IDENTITY[sdk=iphoneos*]" = "iPhone Developer";
				COPY_PHASE_STRIP = NO;
				DEBUG_INFORMATION_FORMAT = "dwarf-with-dsym";
				ENABLE_NS_ASSERTIONS = NO;
				ENABLE_STRICT_OBJC_MSGSEND = YES;
				GCC_C_LANGUAGE_STANDARD = gnu99;
				GCC_NO_COMMON_BLOCKS = YES;
				GCC_WARN_64_TO_32_BIT_CONVERSION = YES;
				GCC_WARN_ABOUT_RETURN_TYPE = YES_ERROR;
				GCC_WARN_UNDECLARED_SELECTOR = YES;
				GCC_WARN_UNINITIALIZED_AUTOS = YES_AGGRESSIVE;
				GCC_WARN_UNUSED_FUNCTION = YES;
				GCC_WARN_UNUSED_VARIABLE = YES;
				IPHONEOS_DEPLOYMENT_TARGET = 9.3;
				MTL_ENABLE_DEBUG_INFO = NO;
				SDKROOT = iphoneos;
				VALIDATE_PRODUCT = YES;
			};
			name = Release;
		};
		1D4B9D991CB6ADB600A44048 /* Debug */ = {
			isa = XCBuildConfiguration;
			buildSettings = {
				ASSETCATALOG_COMPILER_APPICON_NAME = AppIcon;
				INFOPLIST_FILE = Project2/Info.plist;
				LD_RUNPATH_SEARCH_PATHS = "$(inherited) @executable_path/Frameworks";
				PRODUCT_BUNDLE_IDENTIFIER = com.parthmishra.Project2;
				PRODUCT_NAME = "$(TARGET_NAME)";
			};
			name = Debug;
		};
		1D4B9D9A1CB6ADB600A44048 /* Release */ = {
			isa = XCBuildConfiguration;
			buildSettings = {
				ASSETCATALOG_COMPILER_APPICON_NAME = AppIcon;
				INFOPLIST_FILE = Project2/Info.plist;
				LD_RUNPATH_SEARCH_PATHS = "$(inherited) @executable_path/Frameworks";
				PRODUCT_BUNDLE_IDENTIFIER = com.parthmishra.Project2;
				PRODUCT_NAME = "$(TARGET_NAME)";
			};
			name = Release;
		};
/* End XCBuildConfiguration section */

/* Begin XCConfigurationList section */
		1D4B9D811CB6ADB600A44048 /* Build configuration list for PBXProject "Project2" */ = {
			isa = XCConfigurationList;
			buildConfigurations = (
				1D4B9D961CB6ADB600A44048 /* Debug */,
				1D4B9D971CB6ADB600A44048 /* Release */,
			);
			defaultConfigurationIsVisible = 0;
			defaultConfigurationName = Release;
		};
		1D4B9D981CB6ADB600A44048 /* Build configuration list for PBXNativeTarget "Project2" */ = {
			isa = XCConfigurationList;
			buildConfigurations = (
				1D4B9D991CB6ADB600A44048 /* Debug */,
				1D4B9D9A1CB6ADB600A44048 /* Release */,
			);
			defaultConfigurationIsVisible = 0;
			defaultConfigurationName = Release;
		};
/* End XCConfigurationList section */
	};
	rootObject = 1D4B9D7E1CB6ADB600A44048 /* Project object */;
}
