// !$*UTF8*$!
{
	archiveVersion = 1;
	classes = {
	};
	objectVersion = 46;
	objects = {

/* Begin PBXBuildFile section */
		1D7D3BBB1C76E3B700976070 /* LaunchScreen.storyboard in Resources */ = {isa = PBXBuildFile; fileRef = 1D7D3BB91C76E3B700976070 /* LaunchScreen.storyboard */; };
		1D7D3BC31C76E3C700976070 /* MasterViewController.swift in Sources */ = {isa = PBXBuildFile; fileRef = 1D7D3BC21C76E3C700976070 /* MasterViewController.swift */; };
		1D7D3BC51C76E3CD00976070 /* DetailViewController.swift in Sources */ = {isa = PBXBuildFile; fileRef = 1D7D3BC41C76E3CD00976070 /* DetailViewController.swift */; };
		1D7D3BC71C76E3D800976070 /* Main.storyboard in Resources */ = {isa = PBXBuildFile; fileRef = 1D7D3BC61C76E3D800976070 /* Main.storyboard */; };
		1D7D3BC91C76E3EA00976070 /* clothes.plist in Resources */ = {isa = PBXBuildFile; fileRef = 1D7D3BC81C76E3EA00976070 /* clothes.plist */; };
		1D7D3BCB1C76E3FA00976070 /* AppDelegate.swift in Sources */ = {isa = PBXBuildFile; fileRef = 1D7D3BCA1C76E3FA00976070 /* AppDelegate.swift */; };
		1D7D3BCD1C76EB6100976070 /* Assets.xcassets in Resources */ = {isa = PBXBuildFile; fileRef = 1D7D3BCC1C76EB6100976070 /* Assets.xcassets */; };
/* End PBXBuildFile section */

/* Begin PBXFileReference section */
		1D7D3BAD1C76E3B700976070 /* Lab4.app */ = {isa = PBXFileReference; explicitFileType = wrapper.application; includeInIndex = 0; path = Lab4.app; sourceTree = BUILT_PRODUCTS_DIR; };
		1D7D3BBA1C76E3B700976070 /* Base */ = {isa = PBXFileReference; lastKnownFileType = file.storyboard; name = Base; path = Base.lproj/LaunchScreen.storyboard; sourceTree = "<group>"; };
		1D7D3BBC1C76E3B700976070 /* Info.plist */ = {isa = PBXFileReference; lastKnownFileType = text.plist.xml; path = Info.plist; sourceTree = "<group>"; };
		1D7D3BC21C76E3C700976070 /* MasterViewController.swift */ = {isa = PBXFileReference; fileEncoding = 4; lastKnownFileType = sourcecode.swift; path = MasterViewController.swift; sourceTree = "<group>"; };
		1D7D3BC41C76E3CD00976070 /* DetailViewController.swift */ = {isa = PBXFileReference; fileEncoding = 4; lastKnownFileType = sourcecode.swift; path = DetailViewController.swift; sourceTree = "<group>"; };
		1D7D3BC61C76E3D800976070 /* Main.storyboard */ = {isa = PBXFileReference; fileEncoding = 4; lastKnownFileType = file.storyboard; path = Main.storyboard; sourceTree = "<group>"; };
		1D7D3BC81C76E3EA00976070 /* clothes.plist */ = {isa = PBXFileReference; fileEncoding = 4; lastKnownFileType = text.plist.xml; path = clothes.plist; sourceTree = "<group>"; };
		1D7D3BCA1C76E3FA00976070 /* AppDelegate.swift */ = {isa = PBXFileReference; fileEncoding = 4; lastKnownFileType = sourcecode.swift; path = AppDelegate.swift; sourceTree = "<group>"; };
		1D7D3BCC1C76EB6100976070 /* Assets.xcassets */ = {isa = PBXFileReference; lastKnownFileType = folder.assetcatalog; path = Assets.xcassets; sourceTree = "<group>"; };
/* End PBXFileReference section */

/* Begin PBXFrameworksBuildPhase section */
		1D7D3BAA1C76E3B700976070 /* Frameworks */ = {
			isa = PBXFrameworksBuildPhase;
			buildActionMask = 2147483647;
			files = (
			);
			runOnlyForDeploymentPostprocessing = 0;
		};
/* End PBXFrameworksBuildPhase section */

/* Begin PBXGroup section */
		1D7D3BA41C76E3B700976070 = {
			isa = PBXGroup;
			children = (
				1D7D3BAF1C76E3B700976070 /* Lab4 */,
				1D7D3BAE1C76E3B700976070 /* Products */,
			);
			sourceTree = "<group>";
		};
		1D7D3BAE1C76E3B700976070 /* Products */ = {
			isa = PBXGroup;
			children = (
				1D7D3BAD1C76E3B700976070 /* Lab4.app */,
			);
			name = Products;
			sourceTree = "<group>";
		};
		1D7D3BAF1C76E3B700976070 /* Lab4 */ = {
			isa = PBXGroup;
			children = (
				1D7D3BCA1C76E3FA00976070 /* AppDelegate.swift */,
				1D7D3BC21C76E3C700976070 /* MasterViewController.swift */,
				1D7D3BC41C76E3CD00976070 /* DetailViewController.swift */,
				1D7D3BC61C76E3D800976070 /* Main.storyboard */,
				1D7D3BB91C76E3B700976070 /* LaunchScreen.storyboard */,
				1D7D3BCC1C76EB6100976070 /* Assets.xcassets */,
				1D7D3BC81C76E3EA00976070 /* clothes.plist */,
				1D7D3BBC1C76E3B700976070 /* Info.plist */,
			);
			path = Lab4;
			sourceTree = "<group>";
		};
/* End PBXGroup section */

/* Begin PBXNativeTarget section */
		1D7D3BAC1C76E3B700976070 /* Lab4 */ = {
			isa = PBXNativeTarget;
			buildConfigurationList = 1D7D3BBF1C76E3B700976070 /* Build configuration list for PBXNativeTarget "Lab4" */;
			buildPhases = (
				1D7D3BA91C76E3B700976070 /* Sources */,
				1D7D3BAA1C76E3B700976070 /* Frameworks */,
				1D7D3BAB1C76E3B700976070 /* Resources */,
			);
			buildRules = (
			);
			dependencies = (
			);
			name = Lab4;
			productName = Lab4;
			productReference = 1D7D3BAD1C76E3B700976070 /* Lab4.app */;
			productType = "com.apple.product-type.application";
		};
/* End PBXNativeTarget section */

/* Begin PBXProject section */
		1D7D3BA51C76E3B700976070 /* Project object */ = {
			isa = PBXProject;
			attributes = {
				LastSwiftUpdateCheck = 0720;
				LastUpgradeCheck = 0720;
				ORGANIZATIONNAME = "Parth Mishra";
				TargetAttributes = {
					1D7D3BAC1C76E3B700976070 = {
						CreatedOnToolsVersion = 7.2.1;
					};
				};
			};
			buildConfigurationList = 1D7D3BA81C76E3B700976070 /* Build configuration list for PBXProject "Lab4" */;
			compatibilityVersion = "Xcode 3.2";
			developmentRegion = English;
			hasScannedForEncodings = 0;
			knownRegions = (
				en,
				Base,
			);
			mainGroup = 1D7D3BA41C76E3B700976070;
			productRefGroup = 1D7D3BAE1C76E3B700976070 /* Products */;
			projectDirPath = "";
			projectRoot = "";
			targets = (
				1D7D3BAC1C76E3B700976070 /* Lab4 */,
			);
		};
/* End PBXProject section */

/* Begin PBXResourcesBuildPhase section */
		1D7D3BAB1C76E3B700976070 /* Resources */ = {
			isa = PBXResourcesBuildPhase;
			buildActionMask = 2147483647;
			files = (
				1D7D3BC71C76E3D800976070 /* Main.storyboard in Resources */,
				1D7D3BBB1C76E3B700976070 /* LaunchScreen.storyboard in Resources */,
				1D7D3BCD1C76EB6100976070 /* Assets.xcassets in Resources */,
				1D7D3BC91C76E3EA00976070 /* clothes.plist in Resources */,
			);
			runOnlyForDeploymentPostprocessing = 0;
		};
/* End PBXResourcesBuildPhase section */

/* Begin PBXSourcesBuildPhase section */
		1D7D3BA91C76E3B700976070 /* Sources */ = {
			isa = PBXSourcesBuildPhase;
			buildActionMask = 2147483647;
			files = (
				1D7D3BCB1C76E3FA00976070 /* AppDelegate.swift in Sources */,
				1D7D3BC51C76E3CD00976070 /* DetailViewController.swift in Sources */,
				1D7D3BC31C76E3C700976070 /* MasterViewController.swift in Sources */,
			);
			runOnlyForDeploymentPostprocessing = 0;
		};
/* End PBXSourcesBuildPhase section */

/* Begin PBXVariantGroup section */
		1D7D3BB91C76E3B700976070 /* LaunchScreen.storyboard */ = {
			isa = PBXVariantGroup;
			children = (
				1D7D3BBA1C76E3B700976070 /* Base */,
			);
			name = LaunchScreen.storyboard;
			sourceTree = "<group>";
		};
/* End PBXVariantGroup section */

/* Begin XCBuildConfiguration section */
		1D7D3BBD1C76E3B700976070 /* Debug */ = {
			isa = XCBuildConfiguration;
			buildSettings = {
				ALWAYS_SEARCH_USER_PATHS = NO;
				CLANG_CXX_LANGUAGE_STANDARD = "gnu++0x";
				CLANG_CXX_LIBRARY = "libc++";
				CLANG_ENABLE_MODULES = YES;
				CLANG_ENABLE_OBJC_ARC = YES;
				CLANG_WARN_BOOL_CONVERSION = YES;
				CLANG_WARN_CONSTANT_CONVERSION = YES;
				CLANG_WARN_DIRECT_OBJC_ISA_USAGE = YES_ERROR;
				CLANG_WARN_EMPTY_BODY = YES;
				CLANG_WARN_ENUM_CONVERSION = YES;
				CLANG_WARN_INT_CONVERSION = YES;
				CLANG_WARN_OBJC_ROOT_CLASS = YES_ERROR;
				CLANG_WARN_UNREACHABLE_CODE = YES;
				CLANG_WARN__DUPLICATE_METHOD_MATCH = YES;
				"CODE_SIGN_IDENTITY[sdk=iphoneos*]" = "iPhone Developer";
				COPY_PHASE_STRIP = NO;
				DEBUG_INFORMATION_FORMAT = dwarf;
				ENABLE_STRICT_OBJC_MSGSEND = YES;
				ENABLE_TESTABILITY = YES;
				GCC_C_LANGUAGE_STANDARD = gnu99;
				GCC_DYNAMIC_NO_PIC = NO;
				GCC_NO_COMMON_BLOCKS = YES;
				GCC_OPTIMIZATION_LEVEL = 0;
				GCC_PREPROCESSOR_DEFINITIONS = (
					"DEBUG=1",
					"$(inherited)",
				);
				GCC_WARN_64_TO_32_BIT_CONVERSION = YES;
				GCC_WARN_ABOUT_RETURN_TYPE = YES_ERROR;
				GCC_WARN_UNDECLARED_SELECTOR = YES;
				GCC_WARN_UNINITIALIZED_AUTOS = YES_AGGRESSIVE;
				GCC_WARN_UNUSED_FUNCTION = YES;
				GCC_WARN_UNUSED_VARIABLE = YES;
				IPHONEOS_DEPLOYMENT_TARGET = 9.2;
				MTL_ENABLE_DEBUG_INFO = YES;
				ONLY_ACTIVE_ARCH = YES;
				SDKROOT = iphoneos;
				SWIFT_OPTIMIZATION_LEVEL = "-Onone";
				TARGETED_DEVICE_FAMILY = "1,2";
			};
			name = Debug;
		};
		1D7D3BBE1C76E3B700976070 /* Release */ = {
			isa = XCBuildConfiguration;
			buildSettings = {
				ALWAYS_SEARCH_USER_PATHS = NO;
				CLANG_CXX_LANGUAGE_STANDARD = "gnu++0x";
				CLANG_CXX_LIBRARY = "libc++";
				CLANG_ENABLE_MODULES = YES;
				CLANG_ENABLE_OBJC_ARC = YES;
				CLANG_WARN_BOOL_CONVERSION = YES;
				CLANG_WARN_CONSTANT_CONVERSION = YES;
				CLANG_WARN_DIRECT_OBJC_ISA_USAGE = YES_ERROR;
				CLANG_WARN_EMPTY_BODY = YES;
				CLANG_WARN_ENUM_CONVERSION = YES;
				CLANG_WARN_INT_CONVERSION = YES;
				CLANG_WARN_OBJC_ROOT_CLASS = YES_ERROR;
				CLANG_WARN_UNREACHABLE_CODE = YES;
				CLANG_WARN__DUPLICATE_METHOD_MATCH = YES;
				"CODE_SIGN_IDENTITY[sdk=iphoneos*]" = "iPhone Developer";
				COPY_PHASE_STRIP = NO;
				DEBUG_INFORMATION_FORMAT = "dwarf-with-dsym";
				ENABLE_NS_ASSERTIONS = NO;
				ENABLE_STRICT_OBJC_MSGSEND = YES;
				GCC_C_LANGUAGE_STANDARD = gnu99;
				GCC_NO_COMMON_BLOCKS = YES;
				GCC_WARN_64_TO_32_BIT_CONVERSION = YES;
				GCC_WARN_ABOUT_RETURN_TYPE = YES_ERROR;
				GCC_WARN_UNDECLARED_SELECTOR = YES;
				GCC_WARN_UNINITIALIZED_AUTOS = YES_AGGRESSIVE;
				GCC_WARN_UNUSED_FUNCTION = YES;
				GCC_WARN_UNUSED_VARIABLE = YES;
				IPHONEOS_DEPLOYMENT_TARGET = 9.2;
				MTL_ENABLE_DEBUG_INFO = NO;
				SDKROOT = iphoneos;
				TARGETED_DEVICE_FAMILY = "1,2";
				VALIDATE_PRODUCT = YES;
			};
			name = Release;
		};
		1D7D3BC01C76E3B700976070 /* Debug */ = {
			isa = XCBuildConfiguration;
			buildSettings = {
				ASSETCATALOG_COMPILER_APPICON_NAME = AppIcon;
				INFOPLIST_FILE = Lab4/Info.plist;
				LD_RUNPATH_SEARCH_PATHS = "$(inherited) @executable_path/Frameworks";
				PRODUCT_BUNDLE_IDENTIFIER = parthmishra.Lab4;
				PRODUCT_NAME = "$(TARGET_NAME)";
			};
			name = Debug;
		};
		1D7D3BC11C76E3B700976070 /* Release */ = {
			isa = XCBuildConfiguration;
			buildSettings = {
				ASSETCATALOG_COMPILER_APPICON_NAME = AppIcon;
				INFOPLIST_FILE = Lab4/Info.plist;
				LD_RUNPATH_SEARCH_PATHS = "$(inherited) @executable_path/Frameworks";
				PRODUCT_BUNDLE_IDENTIFIER = parthmishra.Lab4;
				PRODUCT_NAME = "$(TARGET_NAME)";
			};
			name = Release;
		};
/* End XCBuildConfiguration section */

/* Begin XCConfigurationList section */
		1D7D3BA81C76E3B700976070 /* Build configuration list for PBXProject "Lab4" */ = {
			isa = XCConfigurationList;
			buildConfigurations = (
				1D7D3BBD1C76E3B700976070 /* Debug */,
				1D7D3BBE1C76E3B700976070 /* Release */,
			);
			defaultConfigurationIsVisible = 0;
			defaultConfigurationName = Release;
		};
		1D7D3BBF1C76E3B700976070 /* Build configuration list for PBXNativeTarget "Lab4" */ = {
			isa = XCConfigurationList;
			buildConfigurations = (
				1D7D3BC01C76E3B700976070 /* Debug */,
				1D7D3BC11C76E3B700976070 /* Release */,
			);
			defaultConfigurationIsVisible = 0;
		};
/* End XCConfigurationList section */
	};
	rootObject = 1D7D3BA51C76E3B700976070 /* Project object */;
}
